Microsoft Visual Studio Solution File, Format Version 11.00
# Visual Studio 2008

Project("{1D05C130-952C-10DA-2081-12C9F4C926A6}") = "Top-Drop-Shot", "Assembly-CSharp.csproj", "{277E5CEF-0B8E-F718-EBB4-9BFA9C48C477}"
EndProject
Global
	GlobalSection(SolutionConfigurationPlatforms) = preSolution
		Debug|Any CPU = Debug|Any CPU
		Release|Any CPU = Release|Any CPU
	EndGlobalSection
	GlobalSection(ProjectConfigurationPlatforms) = postSolution
		{277E5CEF-0B8E-F718-EBB4-9BFA9C48C477}.Debug|Any CPU.ActiveCfg = Debug|Any CPU
		{277E5CEF-0B8E-F718-EBB4-9BFA9C48C477}.Debug|Any CPU.Build.0 = Debug|Any CPU
		{277E5CEF-0B8E-F718-EBB4-9BFA9C48C477}.Release|Any CPU.ActiveCfg = Release|Any CPU
		{277E5CEF-0B8E-F718-EBB4-9BFA9C48C477}.Release|Any CPU.Build.0 = Release|Any CPU
	EndGlobalSection
	GlobalSection(SolutionProperties) = preSolution
		HideSolutionNode = FALSE
	EndGlobalSection
	GlobalSection(MonoDevelopProperties) = preSolution
		StartupItem = Assembly-CSharp.csproj
	EndGlobalSection
EndGlobal
